
Microsoft Visual Studio Solution File, Format Version 12.00
# Visual Studio Version 17
VisualStudioVersion = 17.13.35919.96 d17.13
MinimumVisualStudioVersion = 10.0.40219.1
Project("{8BC9CEB8-8B4A-11D0-8D11-00A0C91BC942}") = "Project2-2", "Project2-2.vcxproj", "{77C240BC-C4F9-4151-B42E-AF94F4A0DCE1}"
EndProject
Global
	GlobalSection(SolutionConfigurationPlatforms) = preSolution
		Debug|x64 = Debug|x64
		Debug|x86 = Debug|x86
		Release|x64 = Release|x64
		Release|x86 = Release|x86
	EndGlobalSection
	GlobalSection(ProjectConfigurationPlatforms) = postSolution
		{77C240BC-C4F9-4151-B42E-AF94F4A0DCE1}.Debug|x64.ActiveCfg = Debug|x64
		{77C240BC-C4F9-4151-B42E-AF94F4A0DCE1}.Debug|x64.Build.0 = Debug|x64
		{77C240BC-C4F9-4151-B42E-AF94F4A0DCE1}.Debug|x86.ActiveCfg = Debug|Win32
		{77C240BC-C4F9-4151-B42E-AF94F4A0DCE1}.Debug|x86.Build.0 = Debug|Win32
		{77C240BC-C4F9-4151-B42E-AF94F4A0DCE1}.Release|x64.ActiveCfg = Release|x64
		{77C240BC-C4F9-4151-B42E-AF94F4A0DCE1}.Release|x64.Build.0 = Release|x64
		{77C240BC-C4F9-4151-B42E-AF94F4A0DCE1}.Release|x86.ActiveCfg = Release|Win32
		{77C240BC-C4F9-4151-B42E-AF94F4A0DCE1}.Release|x86.Build.0 = Release|Win32
	EndGlobalSection
	GlobalSection(SolutionProperties) = preSolution
		HideSolutionNode = FALSE
	EndGlobalSection
	GlobalSection(ExtensibilityGlobals) = postSolution
		SolutionGuid = {341F4845-9AC1-4346-9D4D-F37D2C8F43BF}
	EndGlobalSection
EndGlobal
